
Microsoft Visual Studio Solution File, Format Version 12.00
# Visual Studio Version 17
VisualStudioVersion = 17.8.34511.84
MinimumVisualStudioVersion = 10.0.40219.1
Project("{F184B08F-C81C-45F6-A57F-5ABD9991F28F}") = "Hydra", "Hydra\Hydra.vbproj", "{3C89876D-9613-4146-B553-0D6C45BF99BB}"
EndProject
Project("{FAE04EC0-301F-11D3-BF4B-00C04F79EFBC}") = "HydraEngine", "HydraEngine\HydraEngine.csproj", "{BF4010A6-889D-45EB-84CB-800CFD056C60}"
EndProject
Project("{FAE04EC0-301F-11D3-BF4B-00C04F79EFBC}") = "ModuleLoader", "ModuleLoader\ModuleLoader.csproj", "{1D56B0CC-8156-4E6A-8458-1E146D16851F}"
EndProject
Project("{FAE04EC0-301F-11D3-BF4B-00C04F79EFBC}") = "VM.Runtime", "VM.Runtime\VM.Runtime.csproj", "{D1011E58-CD02-4DB9-8426-5B91DCE53B3A}"
EndProject
Global
	GlobalSection(SolutionConfigurationPlatforms) = preSolution
		Debug|Any CPU = Debug|Any CPU
		Release|Any CPU = Release|Any CPU
	EndGlobalSection
	GlobalSection(ProjectConfigurationPlatforms) = postSolution
		{3C89876D-9613-4146-B553-0D6C45BF99BB}.Debug|Any CPU.ActiveCfg = Debug|Any CPU
		{3C89876D-9613-4146-B553-0D6C45BF99BB}.Debug|Any CPU.Build.0 = Debug|Any CPU
		{3C89876D-9613-4146-B553-0D6C45BF99BB}.Release|Any CPU.ActiveCfg = Release|Any CPU
		{3C89876D-9613-4146-B553-0D6C45BF99BB}.Release|Any CPU.Build.0 = Release|Any CPU
		{BF4010A6-889D-45EB-84CB-800CFD056C60}.Debug|Any CPU.ActiveCfg = Debug|Any CPU
		{BF4010A6-889D-45EB-84CB-800CFD056C60}.Debug|Any CPU.Build.0 = Debug|Any CPU
		{BF4010A6-889D-45EB-84CB-800CFD056C60}.Release|Any CPU.ActiveCfg = Release|Any CPU
		{BF4010A6-889D-45EB-84CB-800CFD056C60}.Release|Any CPU.Build.0 = Release|Any CPU
		{1D56B0CC-8156-4E6A-8458-1E146D16851F}.Debug|Any CPU.ActiveCfg = Debug|Any CPU
		{1D56B0CC-8156-4E6A-8458-1E146D16851F}.Debug|Any CPU.Build.0 = Debug|Any CPU
		{1D56B0CC-8156-4E6A-8458-1E146D16851F}.Release|Any CPU.ActiveCfg = Release|Any CPU
		{1D56B0CC-8156-4E6A-8458-1E146D16851F}.Release|Any CPU.Build.0 = Release|Any CPU
		{D1011E58-CD02-4DB9-8426-5B91DCE53B3A}.Debug|Any CPU.ActiveCfg = Debug|Any CPU
		{D1011E58-CD02-4DB9-8426-5B91DCE53B3A}.Debug|Any CPU.Build.0 = Debug|Any CPU
		{D1011E58-CD02-4DB9-8426-5B91DCE53B3A}.Release|Any CPU.ActiveCfg = Release|Any CPU
		{D1011E58-CD02-4DB9-8426-5B91DCE53B3A}.Release|Any CPU.Build.0 = Release|Any CPU
	EndGlobalSection
	GlobalSection(SolutionProperties) = preSolution
		HideSolutionNode = FALSE
	EndGlobalSection
	GlobalSection(ExtensibilityGlobals) = postSolution
		SolutionGuid = {164DDD2C-F4AE-4636-AE7A-9AD0201B9B89}
	EndGlobalSection
EndGlobal
